// !$*UTF8*$!
{
	archiveVersion = 1;
	classes = {
	};
	objectVersion = 48;
	objects = {

/* Begin PBXBuildFile section */
		9152052F1F92282600290092 /* AppDelegate.m in Sources */ = {isa = PBXBuildFile; fileRef = 9152052E1F92282600290092 /* AppDelegate.m */; };
		915205321F92282600290092 /* ViewController.m in Sources */ = {isa = PBXBuildFile; fileRef = 915205311F92282600290092 /* ViewController.m */; };
		915205351F92282600290092 /* Main.storyboard in Resources */ = {isa = PBXBuildFile; fileRef = 915205331F92282600290092 /* Main.storyboard */; };
		915205371F92282600290092 /* Assets.xcassets in Resources */ = {isa = PBXBuildFile; fileRef = 915205361F92282600290092 /* Assets.xcassets */; };
		9152053A1F92282600290092 /* LaunchScreen.storyboard in Resources */ = {isa = PBXBuildFile; fileRef = 915205381F92282600290092 /* LaunchScreen.storyboard */; };
		9152053D1F92282600290092 /* main.m in Sources */ = {isa = PBXBuildFile; fileRef = 9152053C1F92282600290092 /* main.m */; };
		915205461F9233B400290092 /* RadarViewController.m in Sources */ = {isa = PBXBuildFile; fileRef = 915205451F9233B400290092 /* RadarViewController.m */; };
		915205681F93070F00290092 /* LoadingViewController.m in Sources */ = {isa = PBXBuildFile; fileRef = 915205671F93070F00290092 /* LoadingViewController.m */; };
		9152056D1F93A50B00290092 /* LoadingTwoController.m in Sources */ = {isa = PBXBuildFile; fileRef = 9152056C1F93A50B00290092 /* LoadingTwoController.m */; };
/* End PBXBuildFile section */

/* Begin PBXFileReference section */
		9152052A1F92282600290092 /* JJCoreAnimationCollection.app */ = {isa = PBXFileReference; explicitFileType = wrapper.application; includeInIndex = 0; path = JJCoreAnimationCollection.app; sourceTree = BUILT_PRODUCTS_DIR; };
		9152052D1F92282600290092 /* AppDelegate.h */ = {isa = PBXFileReference; lastKnownFileType = sourcecode.c.h; path = AppDelegate.h; sourceTree = "<group>"; };
		9152052E1F92282600290092 /* AppDelegate.m */ = {isa = PBXFileReference; lastKnownFileType = sourcecode.c.objc; path = AppDelegate.m; sourceTree = "<group>"; };
		915205301F92282600290092 /* ViewController.h */ = {isa = PBXFileReference; lastKnownFileType = sourcecode.c.h; path = ViewController.h; sourceTree = "<group>"; };
		915205311F92282600290092 /* ViewController.m */ = {isa = PBXFileReference; lastKnownFileType = sourcecode.c.objc; path = ViewController.m; sourceTree = "<group>"; };
		915205341F92282600290092 /* Base */ = {isa = PBXFileReference; lastKnownFileType = file.storyboard; name = Base; path = Base.lproj/Main.storyboard; sourceTree = "<group>"; };
		915205361F92282600290092 /* Assets.xcassets */ = {isa = PBXFileReference; lastKnownFileType = folder.assetcatalog; path = Assets.xcassets; sourceTree = "<group>"; };
		915205391F92282600290092 /* Base */ = {isa = PBXFileReference; lastKnownFileType = file.storyboard; name = Base; path = Base.lproj/LaunchScreen.storyboard; sourceTree = "<group>"; };
		9152053B1F92282600290092 /* Info.plist */ = {isa = PBXFileReference; lastKnownFileType = text.plist.xml; path = Info.plist; sourceTree = "<group>"; };
		9152053C1F92282600290092 /* main.m */ = {isa = PBXFileReference; lastKnownFileType = sourcecode.c.objc; path = main.m; sourceTree = "<group>"; };
		915205441F9233B400290092 /* RadarViewController.h */ = {isa = PBXFileReference; lastKnownFileType = sourcecode.c.h; path = RadarViewController.h; sourceTree = "<group>"; };
		915205451F9233B400290092 /* RadarViewController.m */ = {isa = PBXFileReference; lastKnownFileType = sourcecode.c.objc; path = RadarViewController.m; sourceTree = "<group>"; };
		915205661F93070F00290092 /* LoadingViewController.h */ = {isa = PBXFileReference; lastKnownFileType = sourcecode.c.h; path = LoadingViewController.h; sourceTree = "<group>"; };
		915205671F93070F00290092 /* LoadingViewController.m */ = {isa = PBXFileReference; lastKnownFileType = sourcecode.c.objc; path = LoadingViewController.m; sourceTree = "<group>"; };
		9152056B1F93A50B00290092 /* LoadingTwoController.h */ = {isa = PBXFileReference; lastKnownFileType = sourcecode.c.h; path = LoadingTwoController.h; sourceTree = "<group>"; };
		9152056C1F93A50B00290092 /* LoadingTwoController.m */ = {isa = PBXFileReference; lastKnownFileType = sourcecode.c.objc; path = LoadingTwoController.m; sourceTree = "<group>"; };
/* End PBXFileReference section */

/* Begin PBXFrameworksBuildPhase section */
		915205271F92282600290092 /* Frameworks */ = {
			isa = PBXFrameworksBuildPhase;
			buildActionMask = 2147483647;
			files = (
			);
			runOnlyForDeploymentPostprocessing = 0;
		};
/* End PBXFrameworksBuildPhase section */

/* Begin PBXGroup section */
		915205211F92282600290092 = {
			isa = PBXGroup;
			children = (
				9152052C1F92282600290092 /* JJCoreAnimationCollection */,
				9152052B1F92282600290092 /* Products */,
			);
			sourceTree = "<group>";
		};
		9152052B1F92282600290092 /* Products */ = {
			isa = PBXGroup;
			children = (
				9152052A1F92282600290092 /* JJCoreAnimationCollection.app */,
			);
			name = Products;
			sourceTree = "<group>";
		};
		9152052C1F92282600290092 /* JJCoreAnimationCollection */ = {
			isa = PBXGroup;
			children = (
				9152052D1F92282600290092 /* AppDelegate.h */,
				9152052E1F92282600290092 /* AppDelegate.m */,
				915205301F92282600290092 /* ViewController.h */,
				915205311F92282600290092 /* ViewController.m */,
				915205431F92337C00290092 /* 01-雷达动画 */,
				915205651F9306DF00290092 /* 02-加载动画 */,
				9152056A1F93A4DD00290092 /* 03-加载动画2 */,
				915205331F92282600290092 /* Main.storyboard */,
				915205361F92282600290092 /* Assets.xcassets */,
				915205381F92282600290092 /* LaunchScreen.storyboard */,
				9152053B1F92282600290092 /* Info.plist */,
				9152053C1F92282600290092 /* main.m */,
			);
			path = JJCoreAnimationCollection;
			sourceTree = "<group>";
		};
		915205431F92337C00290092 /* 01-雷达动画 */ = {
			isa = PBXGroup;
			children = (
				915205441F9233B400290092 /* RadarViewController.h */,
				915205451F9233B400290092 /* RadarViewController.m */,
			);
			name = "01-雷达动画";
			sourceTree = "<group>";
		};
		915205651F9306DF00290092 /* 02-加载动画 */ = {
			isa = PBXGroup;
			children = (
				915205661F93070F00290092 /* LoadingViewController.h */,
				915205671F93070F00290092 /* LoadingViewController.m */,
			);
			name = "02-加载动画";
			sourceTree = "<group>";
		};
		9152056A1F93A4DD00290092 /* 03-加载动画2 */ = {
			isa = PBXGroup;
			children = (
				9152056B1F93A50B00290092 /* LoadingTwoController.h */,
				9152056C1F93A50B00290092 /* LoadingTwoController.m */,
			);
			name = "03-加载动画2";
			sourceTree = "<group>";
		};
/* End PBXGroup section */

/* Begin PBXNativeTarget section */
		915205291F92282600290092 /* JJCoreAnimationCollection */ = {
			isa = PBXNativeTarget;
			buildConfigurationList = 915205401F92282600290092 /* Build configuration list for PBXNativeTarget "JJCoreAnimationCollection" */;
			buildPhases = (
				915205261F92282600290092 /* Sources */,
				915205271F92282600290092 /* Frameworks */,
				915205281F92282600290092 /* Resources */,
			);
			buildRules = (
			);
			dependencies = (
			);
			name = JJCoreAnimationCollection;
			productName = JJCoreAnimationCollection;
			productReference = 9152052A1F92282600290092 /* JJCoreAnimationCollection.app */;
			productType = "com.apple.product-type.application";
		};
/* End PBXNativeTarget section */

/* Begin PBXProject section */
		915205221F92282600290092 /* Project object */ = {
			isa = PBXProject;
			attributes = {
				LastUpgradeCheck = 0900;
				ORGANIZATIONNAME = daoyintech;
				TargetAttributes = {
					915205291F92282600290092 = {
						CreatedOnToolsVersion = 9.0;
						ProvisioningStyle = Automatic;
					};
				};
			};
			buildConfigurationList = 915205251F92282600290092 /* Build configuration list for PBXProject "JJCoreAnimationCollection" */;
			compatibilityVersion = "Xcode 8.0";
			developmentRegion = en;
			hasScannedForEncodings = 0;
			knownRegions = (
				en,
				Base,
			);
			mainGroup = 915205211F92282600290092;
			productRefGroup = 9152052B1F92282600290092 /* Products */;
			projectDirPath = "";
			projectRoot = "";
			targets = (
				915205291F92282600290092 /* JJCoreAnimationCollection */,
			);
		};
/* End PBXProject section */

/* Begin PBXResourcesBuildPhase section */
		915205281F92282600290092 /* Resources */ = {
			isa = PBXResourcesBuildPhase;
			buildActionMask = 2147483647;
			files = (
				9152053A1F92282600290092 /* LaunchScreen.storyboard in Resources */,
				915205371F92282600290092 /* Assets.xcassets in Resources */,
				915205351F92282600290092 /* Main.storyboard in Resources */,
			);
			runOnlyForDeploymentPostprocessing = 0;
		};
/* End PBXResourcesBuildPhase section */

/* Begin PBXSourcesBuildPhase section */
		915205261F92282600290092 /* Sources */ = {
			isa = PBXSourcesBuildPhase;
			buildActionMask = 2147483647;
			files = (
				915205321F92282600290092 /* ViewController.m in Sources */,
				915205461F9233B400290092 /* RadarViewController.m in Sources */,
				915205681F93070F00290092 /* LoadingViewController.m in Sources */,
				9152056D1F93A50B00290092 /* LoadingTwoController.m in Sources */,
				9152053D1F92282600290092 /* main.m in Sources */,
				9152052F1F92282600290092 /* AppDelegate.m in Sources */,
			);
			runOnlyForDeploymentPostprocessing = 0;
		};
/* End PBXSourcesBuildPhase section */

/* Begin PBXVariantGroup section */
		915205331F92282600290092 /* Main.storyboard */ = {
			isa = PBXVariantGroup;
			children = (
				915205341F92282600290092 /* Base */,
			);
			name = Main.storyboard;
			sourceTree = "<group>";
		};
		915205381F92282600290092 /* LaunchScreen.storyboard */ = {
			isa = PBXVariantGroup;
			children = (
				915205391F92282600290092 /* Base */,
			);
			name = LaunchScreen.storyboard;
			sourceTree = "<group>";
		};
/* End PBXVariantGroup section */

/* Begin XCBuildConfiguration section */
		9152053E1F92282600290092 /* Debug */ = {
			isa = XCBuildConfiguration;
			buildSettings = {
				ALWAYS_SEARCH_USER_PATHS = NO;
				CLANG_ANALYZER_NONNULL = YES;
				CLANG_ANALYZER_NUMBER_OBJECT_CONVERSION = YES_AGGRESSIVE;
				CLANG_CXX_LANGUAGE_STANDARD = "gnu++14";
				CLANG_CXX_LIBRARY = "libc++";
				CLANG_ENABLE_MODULES = YES;
				CLANG_ENABLE_OBJC_ARC = YES;
				CLANG_WARN_BLOCK_CAPTURE_AUTORELEASING = YES;
				CLANG_WARN_BOOL_CONVERSION = YES;
				CLANG_WARN_COMMA = YES;
				CLANG_WARN_CONSTANT_CONVERSION = YES;
				CLANG_WARN_DIRECT_OBJC_ISA_USAGE = YES_ERROR;
				CLANG_WARN_DOCUMENTATION_COMMENTS = YES;
				CLANG_WARN_EMPTY_BODY = YES;
				CLANG_WARN_ENUM_CONVERSION = YES;
				CLANG_WARN_INFINITE_RECURSION = YES;
				CLANG_WARN_INT_CONVERSION = YES;
				CLANG_WARN_NON_LITERAL_NULL_CONVERSION = YES;
				CLANG_WARN_OBJC_LITERAL_CONVERSION = YES;
				CLANG_WARN_OBJC_ROOT_CLASS = YES_ERROR;
				CLANG_WARN_RANGE_LOOP_ANALYSIS = YES;
				CLANG_WARN_STRICT_PROTOTYPES = YES;
				CLANG_WARN_SUSPICIOUS_MOVE = YES;
				CLANG_WARN_UNGUARDED_AVAILABILITY = YES_AGGRESSIVE;
				CLANG_WARN_UNREACHABLE_CODE = YES;
				CLANG_WARN__DUPLICATE_METHOD_MATCH = YES;
				CODE_SIGN_IDENTITY = "iPhone Developer";
				COPY_PHASE_STRIP = NO;
				DEBUG_INFORMATION_FORMAT = dwarf;
				ENABLE_STRICT_OBJC_MSGSEND = YES;
				ENABLE_TESTABILITY = YES;
				GCC_C_LANGUAGE_STANDARD = gnu11;
				GCC_DYNAMIC_NO_PIC = NO;
				GCC_NO_COMMON_BLOCKS = YES;
				GCC_OPTIMIZATION_LEVEL = 0;
				GCC_PREPROCESSOR_DEFINITIONS = (
					"DEBUG=1",
					"$(inherited)",
				);
				GCC_WARN_64_TO_32_BIT_CONVERSION = YES;
				GCC_WARN_ABOUT_RETURN_TYPE = YES_ERROR;
				GCC_WARN_UNDECLARED_SELECTOR = YES;
				GCC_WARN_UNINITIALIZED_AUTOS = YES_AGGRESSIVE;
				GCC_WARN_UNUSED_FUNCTION = YES;
				GCC_WARN_UNUSED_VARIABLE = YES;
				IPHONEOS_DEPLOYMENT_TARGET = 11.0;
				MTL_ENABLE_DEBUG_INFO = YES;
				ONLY_ACTIVE_ARCH = YES;
				SDKROOT = iphoneos;
			};
			name = Debug;
		};
		9152053F1F92282600290092 /* Release */ = {
			isa = XCBuildConfiguration;
			buildSettings = {
				ALWAYS_SEARCH_USER_PATHS = NO;
				CLANG_ANALYZER_NONNULL = YES;
				CLANG_ANALYZER_NUMBER_OBJECT_CONVERSION = YES_AGGRESSIVE;
				CLANG_CXX_LANGUAGE_STANDARD = "gnu++14";
				CLANG_CXX_LIBRARY = "libc++";
				CLANG_ENABLE_MODULES = YES;
				CLANG_ENABLE_OBJC_ARC = YES;
				CLANG_WARN_BLOCK_CAPTURE_AUTORELEASING = YES;
				CLANG_WARN_BOOL_CONVERSION = YES;
				CLANG_WARN_COMMA = YES;
				CLANG_WARN_CONSTANT_CONVERSION = YES;
				CLANG_WARN_DIRECT_OBJC_ISA_USAGE = YES_ERROR;
				CLANG_WARN_DOCUMENTATION_COMMENTS = YES;
				CLANG_WARN_EMPTY_BODY = YES;
				CLANG_WARN_ENUM_CONVERSION = YES;
				CLANG_WARN_INFINITE_RECURSION = YES;
				CLANG_WARN_INT_CONVERSION = YES;
				CLANG_WARN_NON_LITERAL_NULL_CONVERSION = YES;
				CLANG_WARN_OBJC_LITERAL_CONVERSION = YES;
				CLANG_WARN_OBJC_ROOT_CLASS = YES_ERROR;
				CLANG_WARN_RANGE_LOOP_ANALYSIS = YES;
				CLANG_WARN_STRICT_PROTOTYPES = YES;
				CLANG_WARN_SUSPICIOUS_MOVE = YES;
				CLANG_WARN_UNGUARDED_AVAILABILITY = YES_AGGRESSIVE;
				CLANG_WARN_UNREACHABLE_CODE = YES;
				CLANG_WARN__DUPLICATE_METHOD_MATCH = YES;
				CODE_SIGN_IDENTITY = "iPhone Developer";
				COPY_PHASE_STRIP = NO;
				DEBUG_INFORMATION_FORMAT = "dwarf-with-dsym";
				ENABLE_NS_ASSERTIONS = NO;
				ENABLE_STRICT_OBJC_MSGSEND = YES;
				GCC_C_LANGUAGE_STANDARD = gnu11;
				GCC_NO_COMMON_BLOCKS = YES;
				GCC_WARN_64_TO_32_BIT_CONVERSION = YES;
				GCC_WARN_ABOUT_RETURN_TYPE = YES_ERROR;
				GCC_WARN_UNDECLARED_SELECTOR = YES;
				GCC_WARN_UNINITIALIZED_AUTOS = YES_AGGRESSIVE;
				GCC_WARN_UNUSED_FUNCTION = YES;
				GCC_WARN_UNUSED_VARIABLE = YES;
				IPHONEOS_DEPLOYMENT_TARGET = 11.0;
				MTL_ENABLE_DEBUG_INFO = NO;
				SDKROOT = iphoneos;
				VALIDATE_PRODUCT = YES;
			};
			name = Release;
		};
		915205411F92282600290092 /* Debug */ = {
			isa = XCBuildConfiguration;
			buildSettings = {
				ASSETCATALOG_COMPILER_APPICON_NAME = AppIcon;
				CODE_SIGN_STYLE = Automatic;
				INFOPLIST_FILE = JJCoreAnimationCollection/Info.plist;
				IPHONEOS_DEPLOYMENT_TARGET = 10.0;
				LD_RUNPATH_SEARCH_PATHS = "$(inherited) @executable_path/Frameworks";
				PRODUCT_BUNDLE_IDENTIFIER = com.daoyintech.JJCoreAnimationCollection;
				PRODUCT_NAME = "$(TARGET_NAME)";
				TARGETED_DEVICE_FAMILY = "1,2";
			};
			name = Debug;
		};
		915205421F92282600290092 /* Release */ = {
			isa = XCBuildConfiguration;
			buildSettings = {
				ASSETCATALOG_COMPILER_APPICON_NAME = AppIcon;
				CODE_SIGN_STYLE = Automatic;
				INFOPLIST_FILE = JJCoreAnimationCollection/Info.plist;
				IPHONEOS_DEPLOYMENT_TARGET = 10.0;
				LD_RUNPATH_SEARCH_PATHS = "$(inherited) @executable_path/Frameworks";
				PRODUCT_BUNDLE_IDENTIFIER = com.daoyintech.JJCoreAnimationCollection;
				PRODUCT_NAME = "$(TARGET_NAME)";
				TARGETED_DEVICE_FAMILY = "1,2";
			};
			name = Release;
		};
/* End XCBuildConfiguration section */

/* Begin XCConfigurationList section */
		915205251F92282600290092 /* Build configuration list for PBXProject "JJCoreAnimationCollection" */ = {
			isa = XCConfigurationList;
			buildConfigurations = (
				9152053E1F92282600290092 /* Debug */,
				9152053F1F92282600290092 /* Release */,
			);
			defaultConfigurationIsVisible = 0;
			defaultConfigurationName = Release;
		};
		915205401F92282600290092 /* Build configuration list for PBXNativeTarget "JJCoreAnimationCollection" */ = {
			isa = XCConfigurationList;
			buildConfigurations = (
				915205411F92282600290092 /* Debug */,
				915205421F92282600290092 /* Release */,
			);
			defaultConfigurationIsVisible = 0;
			defaultConfigurationName = Release;
		};
/* End XCConfigurationList section */
	};
	rootObject = 915205221F92282600290092 /* Project object */;
}
